// !$*UTF8*$!
{
	archiveVersion = 1;
	classes = {
	};
	objectVersion = 46;
	objects = {

/* Begin PBXBuildFile section */
		000B528E1ADBCF8100946853 /* main.m in Sources */ = {isa = PBXBuildFile; fileRef = 000B528D1ADBCF8100946853 /* main.m */; };
		000B52911ADBCF8100946853 /* AppDelegate.m in Sources */ = {isa = PBXBuildFile; fileRef = 000B52901ADBCF8100946853 /* AppDelegate.m */; };
		000B52941ADBCF8100946853 /* ViewController.m in Sources */ = {isa = PBXBuildFile; fileRef = 000B52931ADBCF8100946853 /* ViewController.m */; };
		000B52971ADBCF8100946853 /* Main.storyboard in Resources */ = {isa = PBXBuildFile; fileRef = 000B52951ADBCF8100946853 /* Main.storyboard */; };
		000B52991ADBCF8100946853 /* Images.xcassets in Resources */ = {isa = PBXBuildFile; fileRef = 000B52981ADBCF8100946853 /* Images.xcassets */; };
		000B529C1ADBCF8100946853 /* LaunchScreen.xib in Resources */ = {isa = PBXBuildFile; fileRef = 000B529A1ADBCF8100946853 /* LaunchScreen.xib */; };
		000B52A81ADBCF8100946853 /* FrameworkDemoTests.m in Sources */ = {isa = PBXBuildFile; fileRef = 000B52A71ADBCF8100946853 /* FrameworkDemoTests.m */; };
		006A22111B0AF92E0003059F /* GinPullDownMenu.m in Sources */ = {isa = PBXBuildFile; fileRef = 006A220C1B0AF92E0003059F /* GinPullDownMenu.m */; };
		006A22121B0AF92E0003059F /* GinPullDownMenuCell.m in Sources */ = {isa = PBXBuildFile; fileRef = 006A220E1B0AF92E0003059F /* GinPullDownMenuCell.m */; };
		006A22131B0AF92E0003059F /* GinPullDownMenuItem.m in Sources */ = {isa = PBXBuildFile; fileRef = 006A22101B0AF92E0003059F /* GinPullDownMenuItem.m */; };
		006A93A91ADE09090093BEBE /* NSString+Base64.m in Sources */ = {isa = PBXBuildFile; fileRef = 006A93271ADE09090093BEBE /* NSString+Base64.m */; };
		006A93AA1ADE09090093BEBE /* UIImage+Base64.m in Sources */ = {isa = PBXBuildFile; fileRef = 006A93291ADE09090093BEBE /* UIImage+Base64.m */; };
		006A93AC1ADE09090093BEBE /* GinBaseNoContentCell.m in Sources */ = {isa = PBXBuildFile; fileRef = 006A93301ADE09090093BEBE /* GinBaseNoContentCell.m */; };
		006A93AD1ADE09090093BEBE /* GinCollectionLayout.m in Sources */ = {isa = PBXBuildFile; fileRef = 006A93331ADE09090093BEBE /* GinCollectionLayout.m */; };
		006A93AE1ADE09090093BEBE /* GinHeightDynamicCollectionLayout.m in Sources */ = {isa = PBXBuildFile; fileRef = 006A93351ADE09090093BEBE /* GinHeightDynamicCollectionLayout.m */; };
		006A93AF1ADE09090093BEBE /* GinBaseTitleHeader.m in Sources */ = {isa = PBXBuildFile; fileRef = 006A93381ADE09090093BEBE /* GinBaseTitleHeader.m */; };
		006A93B11ADE09090093BEBE /* GinBaseCoreDataResponder.m in Sources */ = {isa = PBXBuildFile; fileRef = 006A933D1ADE09090093BEBE /* GinBaseCoreDataResponder.m */; };
		006A93B31ADE09090093BEBE /* GinBaseNoContentTabCell.m in Sources */ = {isa = PBXBuildFile; fileRef = 006A93441ADE09090093BEBE /* GinBaseNoContentTabCell.m */; };
		006A93B41ADE09090093BEBE /* GinBaseTitleSectionView.m in Sources */ = {isa = PBXBuildFile; fileRef = 006A93471ADE09090093BEBE /* GinBaseTitleSectionView.m */; };
		006A93B71ADE09090093BEBE /* UIView+GinCGRect.m in Sources */ = {isa = PBXBuildFile; fileRef = 006A934E1ADE09090093BEBE /* UIView+GinCGRect.m */; };
		006A93B91ADE09090093BEBE /* UIViewController+GinBaseClass.m in Sources */ = {isa = PBXBuildFile; fileRef = 006A93531ADE09090093BEBE /* UIViewController+GinBaseClass.m */; };
		006A93BC1ADE09090093BEBE /* NSObject+CoreGraphic.m in Sources */ = {isa = PBXBuildFile; fileRef = 006A935C1ADE09090093BEBE /* NSObject+CoreGraphic.m */; };
		006A93BF1ADE09090093BEBE /* NSData+NSString.m in Sources */ = {isa = PBXBuildFile; fileRef = 006A93651ADE09090093BEBE /* NSData+NSString.m */; };
		006A93C11ADE09090093BEBE /* NSDate+RCUtility.m in Sources */ = {isa = PBXBuildFile; fileRef = 006A936A1ADE09090093BEBE /* NSDate+RCUtility.m */; };
		006A93C21ADE09090093BEBE /* NSString+formatContentString.m in Sources */ = {isa = PBXBuildFile; fileRef = 006A936D1ADE09090093BEBE /* NSString+formatContentString.m */; };
		006A93C31ADE09090093BEBE /* NSString+Size.m in Sources */ = {isa = PBXBuildFile; fileRef = 006A936F1ADE09090093BEBE /* NSString+Size.m */; };
		006A93C41ADE09090093BEBE /* NSURL+Unit.m in Sources */ = {isa = PBXBuildFile; fileRef = 006A93721ADE09090093BEBE /* NSURL+Unit.m */; };
		006A93C51ADE09090093BEBE /* NSURL+Videos.m in Sources */ = {isa = PBXBuildFile; fileRef = 006A93741ADE09090093BEBE /* NSURL+Videos.m */; };
		006A93C61ADE09090093BEBE /* UIAlertController+Unit.m in Sources */ = {isa = PBXBuildFile; fileRef = 006A93771ADE09090093BEBE /* UIAlertController+Unit.m */; };
		006A93C71ADE09090093BEBE /* UIAlertView+Unit.m in Sources */ = {isa = PBXBuildFile; fileRef = 006A93791ADE09090093BEBE /* UIAlertView+Unit.m */; };
		006A93C81ADE09090093BEBE /* UIImage+GinUnit.m in Sources */ = {isa = PBXBuildFile; fileRef = 006A937C1ADE09090093BEBE /* UIImage+GinUnit.m */; };
		006A93C91ADE09090093BEBE /* UIResponder+Unit.m in Sources */ = {isa = PBXBuildFile; fileRef = 006A937F1ADE09090093BEBE /* UIResponder+Unit.m */; };
		006A93CA1ADE09090093BEBE /* UIView+Layer.m in Sources */ = {isa = PBXBuildFile; fileRef = 006A93821ADE09090093BEBE /* UIView+Layer.m */; };
		006A93CB1ADE09090093BEBE /* UIView+view2Image.m in Sources */ = {isa = PBXBuildFile; fileRef = 006A93841ADE09090093BEBE /* UIView+view2Image.m */; };
		006A93CC1ADE09090093BEBE /* UIWindow+fullScreenshots.m in Sources */ = {isa = PBXBuildFile; fileRef = 006A93881ADE09090093BEBE /* UIWindow+fullScreenshots.m */; };
		006A93CD1ADE09090093BEBE /* GinSystemButton.m in Sources */ = {isa = PBXBuildFile; fileRef = 006A938C1ADE09090093BEBE /* GinSystemButton.m */; };
		006A93CF1ADE09090093BEBE /* GinPageViewController.m in Sources */ = {isa = PBXBuildFile; fileRef = 006A93931ADE09090093BEBE /* GinPageViewController.m */; };
		006A93D01ADE09090093BEBE /* GinPopup.m in Sources */ = {isa = PBXBuildFile; fileRef = 006A93961ADE09090093BEBE /* GinPopup.m */; };
		006A93D11ADE09090093BEBE /* GinPopupContentView.m in Sources */ = {isa = PBXBuildFile; fileRef = 006A93981ADE09090093BEBE /* GinPopupContentView.m */; };
		006A93D21ADE09090093BEBE /* GinPopupGradientView.m in Sources */ = {isa = PBXBuildFile; fileRef = 006A939A1ADE09090093BEBE /* GinPopupGradientView.m */; };
		006A93D31ADE09090093BEBE /* GinPopupViewController.m in Sources */ = {isa = PBXBuildFile; fileRef = 006A939C1ADE09090093BEBE /* GinPopupViewController.m */; };
		006A93D41ADE09090093BEBE /* GinQRCodePickerBaseController.m in Sources */ = {isa = PBXBuildFile; fileRef = 006A939F1ADE09090093BEBE /* GinQRCodePickerBaseController.m */; };
		006A93D51ADE09090093BEBE /* GinScanQRCoderController.m in Sources */ = {isa = PBXBuildFile; fileRef = 006A93A21ADE09090093BEBE /* GinScanQRCoderController.m */; };
		006A93D61ADE09090093BEBE /* GinScanQRCoderController.storyboard in Resources */ = {isa = PBXBuildFile; fileRef = 006A93A31ADE09090093BEBE /* GinScanQRCoderController.storyboard */; };
		006A93D71ADE09090093BEBE /* GinSysInfo.m in Sources */ = {isa = PBXBuildFile; fileRef = 006A93A81ADE09090093BEBE /* GinSysInfo.m */; };
		006A94551ADEB3260093BEBE /* UITableView+GinBaseClass.m in Sources */ = {isa = PBXBuildFile; fileRef = 006A94541ADEB3260093BEBE /* UITableView+GinBaseClass.m */; };
		006A94B61ADF96920093BEBE /* GinhoorFramework.podspec in Resources */ = {isa = PBXBuildFile; fileRef = 006A94B51ADF96920093BEBE /* GinhoorFramework.podspec */; };
		006A94B91ADF9CBD0093BEBE /* UICollectionView+GinBaseClass.m in Sources */ = {isa = PBXBuildFile; fileRef = 006A94B81ADF9CBD0093BEBE /* UICollectionView+GinBaseClass.m */; };
		006A94BC1ADFAD6D0093BEBE /* UIViewController+GinBaseTableView.m in Sources */ = {isa = PBXBuildFile; fileRef = 006A94BB1ADFAD6D0093BEBE /* UIViewController+GinBaseTableView.m */; };
		006A94C51ADFB9C70093BEBE /* UIView+GinBaseClass.m in Sources */ = {isa = PBXBuildFile; fileRef = 006A94C41ADFB9C70093BEBE /* UIView+GinBaseClass.m */; };
		006A94C81ADFBA4D0093BEBE /* UIViewController+GinBaseCollectionView.m in Sources */ = {isa = PBXBuildFile; fileRef = 006A94C71ADFBA4D0093BEBE /* UIViewController+GinBaseCollectionView.m */; };
		006A94CF1ADFFF570093BEBE /* NSString+Json.m in Sources */ = {isa = PBXBuildFile; fileRef = 006A94CE1ADFFF570093BEBE /* NSString+Json.m */; };
		00905F111AE74A09004B5CA1 /* TableViewController.m in Sources */ = {isa = PBXBuildFile; fileRef = 00905F101AE74A09004B5CA1 /* TableViewController.m */; };
		00A527E21AF720A500219A98 /* BaseView.m in Sources */ = {isa = PBXBuildFile; fileRef = 00A527E11AF720A500219A98 /* BaseView.m */; };
		00A527E51AF720C200219A98 /* BaseViewController.m in Sources */ = {isa = PBXBuildFile; fileRef = 00A527E41AF720C200219A98 /* BaseViewController.m */; };
		00A527E81AF720FF00219A98 /* BaseTableViewController.m in Sources */ = {isa = PBXBuildFile; fileRef = 00A527E71AF720FF00219A98 /* BaseTableViewController.m */; };
		00A527EB1AF7210C00219A98 /* BaseCollectionViewContoller.m in Sources */ = {isa = PBXBuildFile; fileRef = 00A527EA1AF7210C00219A98 /* BaseCollectionViewContoller.m */; };
		00A527F71AF7259F00219A98 /* GinWebViewController.m in Sources */ = {isa = PBXBuildFile; fileRef = 00A527F61AF7259F00219A98 /* GinWebViewController.m */; };
		00A527FB1AF728B700219A98 /* GinSystemButtonViewController.m in Sources */ = {isa = PBXBuildFile; fileRef = 00A527FA1AF728B700219A98 /* GinSystemButtonViewController.m */; };
		00A527FD1AF7299B00219A98 /* GinSystemButtonViewController.storyboard in Resources */ = {isa = PBXBuildFile; fileRef = 00A527FC1AF7299B00219A98 /* GinSystemButtonViewController.storyboard */; };
		00F4C99B1AE630C300B3F485 /* GinPopup+Unit.m in Sources */ = {isa = PBXBuildFile; fileRef = 00F4C99A1AE630C300B3F485 /* GinPopup+Unit.m */; };
		00F4C9A21AE6361F00B3F485 /* NSString+Type.m in Sources */ = {isa = PBXBuildFile; fileRef = 00F4C9A11AE6361F00B3F485 /* NSString+Type.m */; };
		00F4C9AB1AE65BEE00B3F485 /* CheckAppVersion.m in Sources */ = {isa = PBXBuildFile; fileRef = 00F4C9AA1AE65BEE00B3F485 /* CheckAppVersion.m */; };
		00F760B31AE8B0F500AA47C9 /* UITextField+Keyboard.m in Sources */ = {isa = PBXBuildFile; fileRef = 00F760B01AE8B0F500AA47C9 /* UITextField+Keyboard.m */; };
		00F760B41AE8B0F500AA47C9 /* UITextView+Keyboard.m in Sources */ = {isa = PBXBuildFile; fileRef = 00F760B21AE8B0F500AA47C9 /* UITextView+Keyboard.m */; };
		00F7FC661AEDDA7B0080AFC7 /* NSObject+GinSetterAndGetter.m in Sources */ = {isa = PBXBuildFile; fileRef = 00F7FC651AEDDA7B0080AFC7 /* NSObject+GinSetterAndGetter.m */; };
		00F7FC691AEDDA860080AFC7 /* NSObject+Unit.m in Sources */ = {isa = PBXBuildFile; fileRef = 00F7FC681AEDDA860080AFC7 /* NSObject+Unit.m */; };
		00F7FC701AEDEB840080AFC7 /* NSString+Debug.m in Sources */ = {isa = PBXBuildFile; fileRef = 00F7FC6D1AEDEB840080AFC7 /* NSString+Debug.m */; };
		00F7FC711AEDEB840080AFC7 /* UIView+Debug.m in Sources */ = {isa = PBXBuildFile; fileRef = 00F7FC6F1AEDEB840080AFC7 /* UIView+Debug.m */; };
		4E5845315A651ACF25BD47AB /* libPods-FrameworkDemo.a in Frameworks */ = {isa = PBXBuildFile; fileRef = 8F9888BAC7F9314A74456E85 /* libPods-FrameworkDemo.a */; };
/* End PBXBuildFile section */

/* Begin PBXContainerItemProxy section */
		000B52A21ADBCF8100946853 /* PBXContainerItemProxy */ = {
			isa = PBXContainerItemProxy;
			containerPortal = 000B52801ADBCF8100946853 /* Project object */;
			proxyType = 1;
			remoteGlobalIDString = 000B52871ADBCF8100946853;
			remoteInfo = FrameworkDemo;
		};
/* End PBXContainerItemProxy section */

/* Begin PBXFileReference section */
		000B52881ADBCF8100946853 /* FrameworkDemo.app */ = {isa = PBXFileReference; explicitFileType = wrapper.application; includeInIndex = 0; path = FrameworkDemo.app; sourceTree = BUILT_PRODUCTS_DIR; };
		000B528C1ADBCF8100946853 /* Info.plist */ = {isa = PBXFileReference; lastKnownFileType = text.plist.xml; path = Info.plist; sourceTree = "<group>"; };
		000B528D1ADBCF8100946853 /* main.m */ = {isa = PBXFileReference; lastKnownFileType = sourcecode.c.objc; path = main.m; sourceTree = "<group>"; };
		000B528F1ADBCF8100946853 /* AppDelegate.h */ = {isa = PBXFileReference; lastKnownFileType = sourcecode.c.h; path = AppDelegate.h; sourceTree = "<group>"; };
		000B52901ADBCF8100946853 /* AppDelegate.m */ = {isa = PBXFileReference; lastKnownFileType = sourcecode.c.objc; path = AppDelegate.m; sourceTree = "<group>"; };
		000B52921ADBCF8100946853 /* ViewController.h */ = {isa = PBXFileReference; lastKnownFileType = sourcecode.c.h; path = ViewController.h; sourceTree = "<group>"; };
		000B52931ADBCF8100946853 /* ViewController.m */ = {isa = PBXFileReference; lastKnownFileType = sourcecode.c.objc; path = ViewController.m; sourceTree = "<group>"; };
		000B52961ADBCF8100946853 /* Base */ = {isa = PBXFileReference; lastKnownFileType = file.storyboard; name = Base; path = Base.lproj/Main.storyboard; sourceTree = "<group>"; };
		000B52981ADBCF8100946853 /* Images.xcassets */ = {isa = PBXFileReference; lastKnownFileType = folder.assetcatalog; path = Images.xcassets; sourceTree = "<group>"; };
		000B529B1ADBCF8100946853 /* Base */ = {isa = PBXFileReference; lastKnownFileType = file.xib; name = Base; path = Base.lproj/LaunchScreen.xib; sourceTree = "<group>"; };
		000B52A11ADBCF8100946853 /* FrameworkDemoTests.xctest */ = {isa = PBXFileReference; explicitFileType = wrapper.cfbundle; includeInIndex = 0; path = FrameworkDemoTests.xctest; sourceTree = BUILT_PRODUCTS_DIR; };
		000B52A61ADBCF8100946853 /* Info.plist */ = {isa = PBXFileReference; lastKnownFileType = text.plist.xml; path = Info.plist; sourceTree = "<group>"; };
		000B52A71ADBCF8100946853 /* FrameworkDemoTests.m */ = {isa = PBXFileReference; lastKnownFileType = sourcecode.c.objc; path = FrameworkDemoTests.m; sourceTree = "<group>"; };
		000B531C1ADBEB8D00946853 /* FrameworkDemo-Bridging-Header.h */ = {isa = PBXFileReference; lastKnownFileType = sourcecode.c.h; path = "FrameworkDemo-Bridging-Header.h"; sourceTree = "<group>"; };
		006A220B1B0AF92E0003059F /* GinPullDownMenu.h */ = {isa = PBXFileReference; fileEncoding = 4; lastKnownFileType = sourcecode.c.h; path = GinPullDownMenu.h; sourceTree = "<group>"; };
		006A220C1B0AF92E0003059F /* GinPullDownMenu.m */ = {isa = PBXFileReference; fileEncoding = 4; lastKnownFileType = sourcecode.c.objc; path = GinPullDownMenu.m; sourceTree = "<group>"; };
		006A220D1B0AF92E0003059F /* GinPullDownMenuCell.h */ = {isa = PBXFileReference; fileEncoding = 4; lastKnownFileType = sourcecode.c.h; path = GinPullDownMenuCell.h; sourceTree = "<group>"; };
		006A220E1B0AF92E0003059F /* GinPullDownMenuCell.m */ = {isa = PBXFileReference; fileEncoding = 4; lastKnownFileType = sourcecode.c.objc; path = GinPullDownMenuCell.m; sourceTree = "<group>"; };
		006A220F1B0AF92E0003059F /* GinPullDownMenuItem.h */ = {isa = PBXFileReference; fileEncoding = 4; lastKnownFileType = sourcecode.c.h; path = GinPullDownMenuItem.h; sourceTree = "<group>"; };
		006A22101B0AF92E0003059F /* GinPullDownMenuItem.m */ = {isa = PBXFileReference; fileEncoding = 4; lastKnownFileType = sourcecode.c.objc; path = GinPullDownMenuItem.m; sourceTree = "<group>"; };
		006A93251ADE09090093BEBE /* GinCategory_Base64.h */ = {isa = PBXFileReference; fileEncoding = 4; lastKnownFileType = sourcecode.c.h; path = GinCategory_Base64.h; sourceTree = "<group>"; };
		006A93261ADE09090093BEBE /* NSString+Base64.h */ = {isa = PBXFileReference; fileEncoding = 4; lastKnownFileType = sourcecode.c.h; path = "NSString+Base64.h"; sourceTree = "<group>"; };
		006A93271ADE09090093BEBE /* NSString+Base64.m */ = {isa = PBXFileReference; fileEncoding = 4; lastKnownFileType = sourcecode.c.objc; path = "NSString+Base64.m"; sourceTree = "<group>"; };
		006A93281ADE09090093BEBE /* UIImage+Base64.h */ = {isa = PBXFileReference; fileEncoding = 4; lastKnownFileType = sourcecode.c.h; path = "UIImage+Base64.h"; sourceTree = "<group>"; };
		006A93291ADE09090093BEBE /* UIImage+Base64.m */ = {isa = PBXFileReference; fileEncoding = 4; lastKnownFileType = sourcecode.c.objc; path = "UIImage+Base64.m"; sourceTree = "<group>"; };
		006A932F1ADE09090093BEBE /* GinBaseNoContentCell.h */ = {isa = PBXFileReference; fileEncoding = 4; lastKnownFileType = sourcecode.c.h; path = GinBaseNoContentCell.h; sourceTree = "<group>"; };
		006A93301ADE09090093BEBE /* GinBaseNoContentCell.m */ = {isa = PBXFileReference; fileEncoding = 4; lastKnownFileType = sourcecode.c.objc; path = GinBaseNoContentCell.m; sourceTree = "<group>"; };
		006A93321ADE09090093BEBE /* GinCollectionLayout.h */ = {isa = PBXFileReference; fileEncoding = 4; lastKnownFileType = sourcecode.c.h; path = GinCollectionLayout.h; sourceTree = "<group>"; };
		006A93331ADE09090093BEBE /* GinCollectionLayout.m */ = {isa = PBXFileReference; fileEncoding = 4; lastKnownFileType = sourcecode.c.objc; path = GinCollectionLayout.m; sourceTree = "<group>"; };
		006A93341ADE09090093BEBE /* GinHeightDynamicCollectionLayout.h */ = {isa = PBXFileReference; fileEncoding = 4; lastKnownFileType = sourcecode.c.h; path = GinHeightDynamicCollectionLayout.h; sourceTree = "<group>"; };
		006A93351ADE09090093BEBE /* GinHeightDynamicCollectionLayout.m */ = {isa = PBXFileReference; fileEncoding = 4; lastKnownFileType = sourcecode.c.objc; path = GinHeightDynamicCollectionLayout.m; sourceTree = "<group>"; };
		006A93371ADE09090093BEBE /* GinBaseTitleHeader.h */ = {isa = PBXFileReference; fileEncoding = 4; lastKnownFileType = sourcecode.c.h; path = GinBaseTitleHeader.h; sourceTree = "<group>"; };
		006A93381ADE09090093BEBE /* GinBaseTitleHeader.m */ = {isa = PBXFileReference; fileEncoding = 4; lastKnownFileType = sourcecode.c.objc; path = GinBaseTitleHeader.m; sourceTree = "<group>"; };
		006A933C1ADE09090093BEBE /* GinBaseCoreDataResponder.h */ = {isa = PBXFileReference; fileEncoding = 4; lastKnownFileType = sourcecode.c.h; path = GinBaseCoreDataResponder.h; sourceTree = "<group>"; };
		006A933D1ADE09090093BEBE /* GinBaseCoreDataResponder.m */ = {isa = PBXFileReference; fileEncoding = 4; lastKnownFileType = sourcecode.c.objc; path = GinBaseCoreDataResponder.m; sourceTree = "<group>"; };
		006A93431ADE09090093BEBE /* GinBaseNoContentTabCell.h */ = {isa = PBXFileReference; fileEncoding = 4; lastKnownFileType = sourcecode.c.h; path = GinBaseNoContentTabCell.h; sourceTree = "<group>"; };
		006A93441ADE09090093BEBE /* GinBaseNoContentTabCell.m */ = {isa = PBXFileReference; fileEncoding = 4; lastKnownFileType = sourcecode.c.objc; path = GinBaseNoContentTabCell.m; sourceTree = "<group>"; };
		006A93461ADE09090093BEBE /* GinBaseTitleSectionView.h */ = {isa = PBXFileReference; fileEncoding = 4; lastKnownFileType = sourcecode.c.h; path = GinBaseTitleSectionView.h; sourceTree = "<group>"; };
		006A93471ADE09090093BEBE /* GinBaseTitleSectionView.m */ = {isa = PBXFileReference; fileEncoding = 4; lastKnownFileType = sourcecode.c.objc; path = GinBaseTitleSectionView.m; sourceTree = "<group>"; };
		006A934D1ADE09090093BEBE /* UIView+GinCGRect.h */ = {isa = PBXFileReference; fileEncoding = 4; lastKnownFileType = sourcecode.c.h; path = "UIView+GinCGRect.h"; sourceTree = "<group>"; };
		006A934E1ADE09090093BEBE /* UIView+GinCGRect.m */ = {isa = PBXFileReference; fileEncoding = 4; lastKnownFileType = sourcecode.c.objc; path = "UIView+GinCGRect.m"; sourceTree = "<group>"; };
		006A93521ADE09090093BEBE /* UIViewController+GinBaseClass.h */ = {isa = PBXFileReference; fileEncoding = 4; lastKnownFileType = sourcecode.c.h; path = "UIViewController+GinBaseClass.h"; sourceTree = "<group>"; };
		006A93531ADE09090093BEBE /* UIViewController+GinBaseClass.m */ = {isa = PBXFileReference; fileEncoding = 4; lastKnownFileType = sourcecode.c.objc; path = "UIViewController+GinBaseClass.m"; sourceTree = "<group>"; };
		006A935B1ADE09090093BEBE /* NSObject+CoreGraphic.h */ = {isa = PBXFileReference; fileEncoding = 4; lastKnownFileType = sourcecode.c.h; path = "NSObject+CoreGraphic.h"; sourceTree = "<group>"; };
		006A935C1ADE09090093BEBE /* NSObject+CoreGraphic.m */ = {isa = PBXFileReference; fileEncoding = 4; lastKnownFileType = sourcecode.c.objc; path = "NSObject+CoreGraphic.m"; sourceTree = "<group>"; };
		006A93641ADE09090093BEBE /* NSData+NSString.h */ = {isa = PBXFileReference; fileEncoding = 4; lastKnownFileType = sourcecode.c.h; path = "NSData+NSString.h"; sourceTree = "<group>"; };
		006A93651ADE09090093BEBE /* NSData+NSString.m */ = {isa = PBXFileReference; fileEncoding = 4; lastKnownFileType = sourcecode.c.objc; path = "NSData+NSString.m"; sourceTree = "<group>"; };
		006A93691ADE09090093BEBE /* NSDate+RCUtility.h */ = {isa = PBXFileReference; fileEncoding = 4; lastKnownFileType = sourcecode.c.h; path = "NSDate+RCUtility.h"; sourceTree = "<group>"; };
		006A936A1ADE09090093BEBE /* NSDate+RCUtility.m */ = {isa = PBXFileReference; fileEncoding = 4; lastKnownFileType = sourcecode.c.objc; path = "NSDate+RCUtility.m"; sourceTree = "<group>"; };
		006A936C1ADE09090093BEBE /* NSString+formatContentString.h */ = {isa = PBXFileReference; fileEncoding = 4; lastKnownFileType = sourcecode.c.h; path = "NSString+formatContentString.h"; sourceTree = "<group>"; };
		006A936D1ADE09090093BEBE /* NSString+formatContentString.m */ = {isa = PBXFileReference; fileEncoding = 4; lastKnownFileType = sourcecode.c.objc; path = "NSString+formatContentString.m"; sourceTree = "<group>"; };
		006A936E1ADE09090093BEBE /* NSString+Size.h */ = {isa = PBXFileReference; fileEncoding = 4; lastKnownFileType = sourcecode.c.h; path = "NSString+Size.h"; sourceTree = "<group>"; };
		006A936F1ADE09090093BEBE /* NSString+Size.m */ = {isa = PBXFileReference; fileEncoding = 4; lastKnownFileType = sourcecode.c.objc; path = "NSString+Size.m"; sourceTree = "<group>"; };
		006A93711ADE09090093BEBE /* NSURL+Unit.h */ = {isa = PBXFileReference; fileEncoding = 4; lastKnownFileType = sourcecode.c.h; path = "NSURL+Unit.h"; sourceTree = "<group>"; };
		006A93721ADE09090093BEBE /* NSURL+Unit.m */ = {isa = PBXFileReference; fileEncoding = 4; lastKnownFileType = sourcecode.c.objc; path = "NSURL+Unit.m"; sourceTree = "<group>"; };
		006A93731ADE09090093BEBE /* NSURL+Videos.h */ = {isa = PBXFileReference; fileEncoding = 4; lastKnownFileType = sourcecode.c.h; path = "NSURL+Videos.h"; sourceTree = "<group>"; };
		006A93741ADE09090093BEBE /* NSURL+Videos.m */ = {isa = PBXFileReference; fileEncoding = 4; lastKnownFileType = sourcecode.c.objc; path = "NSURL+Videos.m"; sourceTree = "<group>"; };
		006A93761ADE09090093BEBE /* UIAlertController+Unit.h */ = {isa = PBXFileReference; fileEncoding = 4; lastKnownFileType = sourcecode.c.h; path = "UIAlertController+Unit.h"; sourceTree = "<group>"; };
		006A93771ADE09090093BEBE /* UIAlertController+Unit.m */ = {isa = PBXFileReference; fileEncoding = 4; lastKnownFileType = sourcecode.c.objc; path = "UIAlertController+Unit.m"; sourceTree = "<group>"; };
		006A93781ADE09090093BEBE /* UIAlertView+Unit.h */ = {isa = PBXFileReference; fileEncoding = 4; lastKnownFileType = sourcecode.c.h; path = "UIAlertView+Unit.h"; sourceTree = "<group>"; };
		006A93791ADE09090093BEBE /* UIAlertView+Unit.m */ = {isa = PBXFileReference; fileEncoding = 4; lastKnownFileType = sourcecode.c.objc; path = "UIAlertView+Unit.m"; sourceTree = "<group>"; };
		006A937B1ADE09090093BEBE /* UIImage+GinUnit.h */ = {isa = PBXFileReference; fileEncoding = 4; lastKnownFileType = sourcecode.c.h; path = "UIImage+GinUnit.h"; sourceTree = "<group>"; };
		006A937C1ADE09090093BEBE /* UIImage+GinUnit.m */ = {isa = PBXFileReference; fileEncoding = 4; lastKnownFileType = sourcecode.c.objc; path = "UIImage+GinUnit.m"; sourceTree = "<group>"; };
		006A937E1ADE09090093BEBE /* UIResponder+Unit.h */ = {isa = PBXFileReference; fileEncoding = 4; lastKnownFileType = sourcecode.c.h; path = "UIResponder+Unit.h"; sourceTree = "<group>"; };
		006A937F1ADE09090093BEBE /* UIResponder+Unit.m */ = {isa = PBXFileReference; fileEncoding = 4; lastKnownFileType = sourcecode.c.objc; path = "UIResponder+Unit.m"; sourceTree = "<group>"; };
		006A93811ADE09090093BEBE /* UIView+Layer.h */ = {isa = PBXFileReference; fileEncoding = 4; lastKnownFileType = sourcecode.c.h; path = "UIView+Layer.h"; sourceTree = "<group>"; };
		006A93821ADE09090093BEBE /* UIView+Layer.m */ = {isa = PBXFileReference; fileEncoding = 4; lastKnownFileType = sourcecode.c.objc; path = "UIView+Layer.m"; sourceTree = "<group>"; };
		006A93831ADE09090093BEBE /* UIView+view2Image.h */ = {isa = PBXFileReference; fileEncoding = 4; lastKnownFileType = sourcecode.c.h; path = "UIView+view2Image.h"; sourceTree = "<group>"; };
		006A93841ADE09090093BEBE /* UIView+view2Image.m */ = {isa = PBXFileReference; fileEncoding = 4; lastKnownFileType = sourcecode.c.objc; path = "UIView+view2Image.m"; sourceTree = "<group>"; };
		006A93871ADE09090093BEBE /* UIWindow+fullScreenshots.h */ = {isa = PBXFileReference; fileEncoding = 4; lastKnownFileType = sourcecode.c.h; path = "UIWindow+fullScreenshots.h"; sourceTree = "<group>"; };
		006A93881ADE09090093BEBE /* UIWindow+fullScreenshots.m */ = {isa = PBXFileReference; fileEncoding = 4; lastKnownFileType = sourcecode.c.objc; path = "UIWindow+fullScreenshots.m"; sourceTree = "<group>"; };
		006A938B1ADE09090093BEBE /* GinSystemButton.h */ = {isa = PBXFileReference; fileEncoding = 4; lastKnownFileType = sourcecode.c.h; path = GinSystemButton.h; sourceTree = "<group>"; };
		006A938C1ADE09090093BEBE /* GinSystemButton.m */ = {isa = PBXFileReference; fileEncoding = 4; lastKnownFileType = sourcecode.c.objc; path = GinSystemButton.m; sourceTree = "<group>"; };
		006A93921ADE09090093BEBE /* GinPageViewController.h */ = {isa = PBXFileReference; fileEncoding = 4; lastKnownFileType = sourcecode.c.h; path = GinPageViewController.h; sourceTree = "<group>"; };
		006A93931ADE09090093BEBE /* GinPageViewController.m */ = {isa = PBXFileReference; fileEncoding = 4; lastKnownFileType = sourcecode.c.objc; path = GinPageViewController.m; sourceTree = "<group>"; };
		006A93951ADE09090093BEBE /* GinPopup.h */ = {isa = PBXFileReference; fileEncoding = 4; lastKnownFileType = sourcecode.c.h; path = GinPopup.h; sourceTree = "<group>"; };
		006A93961ADE09090093BEBE /* GinPopup.m */ = {isa = PBXFileReference; fileEncoding = 4; lastKnownFileType = sourcecode.c.objc; path = GinPopup.m; sourceTree = "<group>"; };
		006A93971ADE09090093BEBE /* GinPopupContentView.h */ = {isa = PBXFileReference; fileEncoding = 4; lastKnownFileType = sourcecode.c.h; path = GinPopupContentView.h; sourceTree = "<group>"; };
		006A93981ADE09090093BEBE /* GinPopupContentView.m */ = {isa = PBXFileReference; fileEncoding = 4; lastKnownFileType = sourcecode.c.objc; path = GinPopupContentView.m; sourceTree = "<group>"; };
		006A93991ADE09090093BEBE /* GinPopupGradientView.h */ = {isa = PBXFileReference; fileEncoding = 4; lastKnownFileType = sourcecode.c.h; path = GinPopupGradientView.h; sourceTree = "<group>"; };
		006A939A1ADE09090093BEBE /* GinPopupGradientView.m */ = {isa = PBXFileReference; fileEncoding = 4; lastKnownFileType = sourcecode.c.objc; path = GinPopupGradientView.m; sourceTree = "<group>"; };
		006A939B1ADE09090093BEBE /* GinPopupViewController.h */ = {isa = PBXFileReference; fileEncoding = 4; lastKnownFileType = sourcecode.c.h; path = GinPopupViewController.h; sourceTree = "<group>"; };
		006A939C1ADE09090093BEBE /* GinPopupViewController.m */ = {isa = PBXFileReference; fileEncoding = 4; lastKnownFileType = sourcecode.c.objc; path = GinPopupViewController.m; sourceTree = "<group>"; };
		006A939E1ADE09090093BEBE /* GinQRCodePickerBaseController.h */ = {isa = PBXFileReference; fileEncoding = 4; lastKnownFileType = sourcecode.c.h; path = GinQRCodePickerBaseController.h; sourceTree = "<group>"; };
		006A939F1ADE09090093BEBE /* GinQRCodePickerBaseController.m */ = {isa = PBXFileReference; fileEncoding = 4; lastKnownFileType = sourcecode.c.objc; path = GinQRCodePickerBaseController.m; sourceTree = "<group>"; };
		006A93A11ADE09090093BEBE /* GinScanQRCoderController.h */ = {isa = PBXFileReference; fileEncoding = 4; lastKnownFileType = sourcecode.c.h; path = GinScanQRCoderController.h; sourceTree = "<group>"; };
		006A93A21ADE09090093BEBE /* GinScanQRCoderController.m */ = {isa = PBXFileReference; fileEncoding = 4; lastKnownFileType = sourcecode.c.objc; path = GinScanQRCoderController.m; sourceTree = "<group>"; };
		006A93A31ADE09090093BEBE /* GinScanQRCoderController.storyboard */ = {isa = PBXFileReference; fileEncoding = 4; lastKnownFileType = file.storyboard; path = GinScanQRCoderController.storyboard; sourceTree = "<group>"; };
		006A93A41ADE09090093BEBE /* GinhoorFramework.h */ = {isa = PBXFileReference; fileEncoding = 4; lastKnownFileType = sourcecode.c.h; path = GinhoorFramework.h; sourceTree = "<group>"; };
		006A93A61ADE09090093BEBE /* Gin_Macro.h */ = {isa = PBXFileReference; fileEncoding = 4; lastKnownFileType = sourcecode.c.h; path = Gin_Macro.h; sourceTree = "<group>"; };
		006A93A71ADE09090093BEBE /* GinSysInfo.h */ = {isa = PBXFileReference; fileEncoding = 4; lastKnownFileType = sourcecode.c.h; path = GinSysInfo.h; sourceTree = "<group>"; };
		006A93A81ADE09090093BEBE /* GinSysInfo.m */ = {isa = PBXFileReference; fileEncoding = 4; lastKnownFileType = sourcecode.c.objc; path = GinSysInfo.m; sourceTree = "<group>"; };
		006A94531ADEB3260093BEBE /* UITableView+GinBaseClass.h */ = {isa = PBXFileReference; fileEncoding = 4; lastKnownFileType = sourcecode.c.h; path = "UITableView+GinBaseClass.h"; sourceTree = "<group>"; };
		006A94541ADEB3260093BEBE /* UITableView+GinBaseClass.m */ = {isa = PBXFileReference; fileEncoding = 4; lastKnownFileType = sourcecode.c.objc; path = "UITableView+GinBaseClass.m"; sourceTree = "<group>"; };
		006A94B51ADF96920093BEBE /* GinhoorFramework.podspec */ = {isa = PBXFileReference; fileEncoding = 4; lastKnownFileType = text; name = GinhoorFramework.podspec; path = ../GinhoorFramework.podspec; sourceTree = "<group>"; };
		006A94B71ADF9CBD0093BEBE /* UICollectionView+GinBaseClass.h */ = {isa = PBXFileReference; fileEncoding = 4; lastKnownFileType = sourcecode.c.h; path = "UICollectionView+GinBaseClass.h"; sourceTree = "<group>"; };
		006A94B81ADF9CBD0093BEBE /* UICollectionView+GinBaseClass.m */ = {isa = PBXFileReference; fileEncoding = 4; lastKnownFileType = sourcecode.c.objc; path = "UICollectionView+GinBaseClass.m"; sourceTree = "<group>"; };
		006A94BA1ADFAD6D0093BEBE /* UIViewController+GinBaseTableView.h */ = {isa = PBXFileReference; fileEncoding = 4; lastKnownFileType = sourcecode.c.h; path = "UIViewController+GinBaseTableView.h"; sourceTree = "<group>"; };
		006A94BB1ADFAD6D0093BEBE /* UIViewController+GinBaseTableView.m */ = {isa = PBXFileReference; fileEncoding = 4; lastKnownFileType = sourcecode.c.objc; path = "UIViewController+GinBaseTableView.m"; sourceTree = "<group>"; };
		006A94C31ADFB9C70093BEBE /* UIView+GinBaseClass.h */ = {isa = PBXFileReference; fileEncoding = 4; lastKnownFileType = sourcecode.c.h; path = "UIView+GinBaseClass.h"; sourceTree = "<group>"; };
		006A94C41ADFB9C70093BEBE /* UIView+GinBaseClass.m */ = {isa = PBXFileReference; fileEncoding = 4; lastKnownFileType = sourcecode.c.objc; path = "UIView+GinBaseClass.m"; sourceTree = "<group>"; };
		006A94C61ADFBA4D0093BEBE /* UIViewController+GinBaseCollectionView.h */ = {isa = PBXFileReference; fileEncoding = 4; lastKnownFileType = sourcecode.c.h; path = "UIViewController+GinBaseCollectionView.h"; sourceTree = "<group>"; };
		006A94C71ADFBA4D0093BEBE /* UIViewController+GinBaseCollectionView.m */ = {isa = PBXFileReference; fileEncoding = 4; lastKnownFileType = sourcecode.c.objc; path = "UIViewController+GinBaseCollectionView.m"; sourceTree = "<group>"; };
		006A94CD1ADFFF570093BEBE /* NSString+Json.h */ = {isa = PBXFileReference; fileEncoding = 4; lastKnownFileType = sourcecode.c.h; path = "NSString+Json.h"; sourceTree = "<group>"; };
		006A94CE1ADFFF570093BEBE /* NSString+Json.m */ = {isa = PBXFileReference; fileEncoding = 4; lastKnownFileType = sourcecode.c.objc; path = "NSString+Json.m"; sourceTree = "<group>"; };
		006AF4AB1B09EFE00033BCA3 /* GinTypeUnitHeader.h */ = {isa = PBXFileReference; fileEncoding = 4; lastKnownFileType = sourcecode.c.h; path = GinTypeUnitHeader.h; sourceTree = "<group>"; };
		00905F0F1AE74A09004B5CA1 /* TableViewController.h */ = {isa = PBXFileReference; fileEncoding = 4; lastKnownFileType = sourcecode.c.h; path = TableViewController.h; sourceTree = "<group>"; };
		00905F101AE74A09004B5CA1 /* TableViewController.m */ = {isa = PBXFileReference; fileEncoding = 4; lastKnownFileType = sourcecode.c.objc; path = TableViewController.m; sourceTree = "<group>"; };
		00A527E01AF720A500219A98 /* BaseView.h */ = {isa = PBXFileReference; fileEncoding = 4; lastKnownFileType = sourcecode.c.h; path = BaseView.h; sourceTree = "<group>"; };
		00A527E11AF720A500219A98 /* BaseView.m */ = {isa = PBXFileReference; fileEncoding = 4; lastKnownFileType = sourcecode.c.objc; path = BaseView.m; sourceTree = "<group>"; };
		00A527E31AF720C200219A98 /* BaseViewController.h */ = {isa = PBXFileReference; fileEncoding = 4; lastKnownFileType = sourcecode.c.h; path = BaseViewController.h; sourceTree = "<group>"; };
		00A527E41AF720C200219A98 /* BaseViewController.m */ = {isa = PBXFileReference; fileEncoding = 4; lastKnownFileType = sourcecode.c.objc; path = BaseViewController.m; sourceTree = "<group>"; };
		00A527E61AF720FF00219A98 /* BaseTableViewController.h */ = {isa = PBXFileReference; fileEncoding = 4; lastKnownFileType = sourcecode.c.h; path = BaseTableViewController.h; sourceTree = "<group>"; };
		00A527E71AF720FF00219A98 /* BaseTableViewController.m */ = {isa = PBXFileReference; fileEncoding = 4; lastKnownFileType = sourcecode.c.objc; path = BaseTableViewController.m; sourceTree = "<group>"; };
		00A527E91AF7210C00219A98 /* BaseCollectionViewContoller.h */ = {isa = PBXFileReference; fileEncoding = 4; lastKnownFileType = sourcecode.c.h; path = BaseCollectionViewContoller.h; sourceTree = "<group>"; };
		00A527EA1AF7210C00219A98 /* BaseCollectionViewContoller.m */ = {isa = PBXFileReference; fileEncoding = 4; lastKnownFileType = sourcecode.c.objc; path = BaseCollectionViewContoller.m; sourceTree = "<group>"; };
		00A527F51AF7259F00219A98 /* GinWebViewController.h */ = {isa = PBXFileReference; fileEncoding = 4; lastKnownFileType = sourcecode.c.h; path = GinWebViewController.h; sourceTree = "<group>"; };
		00A527F61AF7259F00219A98 /* GinWebViewController.m */ = {isa = PBXFileReference; fileEncoding = 4; lastKnownFileType = sourcecode.c.objc; path = GinWebViewController.m; sourceTree = "<group>"; };
		00A527F91AF728B700219A98 /* GinSystemButtonViewController.h */ = {isa = PBXFileReference; fileEncoding = 4; lastKnownFileType = sourcecode.c.h; path = GinSystemButtonViewController.h; sourceTree = "<group>"; };
		00A527FA1AF728B700219A98 /* GinSystemButtonViewController.m */ = {isa = PBXFileReference; fileEncoding = 4; lastKnownFileType = sourcecode.c.objc; path = GinSystemButtonViewController.m; sourceTree = "<group>"; };
		00A527FC1AF7299B00219A98 /* GinSystemButtonViewController.storyboard */ = {isa = PBXFileReference; fileEncoding = 4; lastKnownFileType = file.storyboard; path = GinSystemButtonViewController.storyboard; sourceTree = "<group>"; };
		00F4C9991AE630C300B3F485 /* GinPopup+Unit.h */ = {isa = PBXFileReference; fileEncoding = 4; lastKnownFileType = sourcecode.c.h; path = "GinPopup+Unit.h"; sourceTree = "<group>"; };
		00F4C99A1AE630C300B3F485 /* GinPopup+Unit.m */ = {isa = PBXFileReference; fileEncoding = 4; lastKnownFileType = sourcecode.c.objc; path = "GinPopup+Unit.m"; sourceTree = "<group>"; };
		00F4C9A01AE6361F00B3F485 /* NSString+Type.h */ = {isa = PBXFileReference; fileEncoding = 4; lastKnownFileType = sourcecode.c.h; path = "NSString+Type.h"; sourceTree = "<group>"; };
		00F4C9A11AE6361F00B3F485 /* NSString+Type.m */ = {isa = PBXFileReference; fileEncoding = 4; lastKnownFileType = sourcecode.c.objc; path = "NSString+Type.m"; sourceTree = "<group>"; };
		00F4C9A91AE65BEE00B3F485 /* CheckAppVersion.h */ = {isa = PBXFileReference; fileEncoding = 4; lastKnownFileType = sourcecode.c.h; path = CheckAppVersion.h; sourceTree = "<group>"; };
		00F4C9AA1AE65BEE00B3F485 /* CheckAppVersion.m */ = {isa = PBXFileReference; fileEncoding = 4; lastKnownFileType = sourcecode.c.objc; path = CheckAppVersion.m; sourceTree = "<group>"; };
		00F760AF1AE8B0F500AA47C9 /* UITextField+Keyboard.h */ = {isa = PBXFileReference; fileEncoding = 4; lastKnownFileType = sourcecode.c.h; path = "UITextField+Keyboard.h"; sourceTree = "<group>"; };
		00F760B01AE8B0F500AA47C9 /* UITextField+Keyboard.m */ = {isa = PBXFileReference; fileEncoding = 4; lastKnownFileType = sourcecode.c.objc; path = "UITextField+Keyboard.m"; sourceTree = "<group>"; };
		00F760B11AE8B0F500AA47C9 /* UITextView+Keyboard.h */ = {isa = PBXFileReference; fileEncoding = 4; lastKnownFileType = sourcecode.c.h; path = "UITextView+Keyboard.h"; sourceTree = "<group>"; };
		00F760B21AE8B0F500AA47C9 /* UITextView+Keyboard.m */ = {isa = PBXFileReference; fileEncoding = 4; lastKnownFileType = sourcecode.c.objc; path = "UITextView+Keyboard.m"; sourceTree = "<group>"; };
		00F7FC641AEDDA7B0080AFC7 /* NSObject+GinSetterAndGetter.h */ = {isa = PBXFileReference; fileEncoding = 4; lastKnownFileType = sourcecode.c.h; path = "NSObject+GinSetterAndGetter.h"; sourceTree = "<group>"; };
		00F7FC651AEDDA7B0080AFC7 /* NSObject+GinSetterAndGetter.m */ = {isa = PBXFileReference; fileEncoding = 4; lastKnownFileType = sourcecode.c.objc; path = "NSObject+GinSetterAndGetter.m"; sourceTree = "<group>"; };
		00F7FC671AEDDA860080AFC7 /* NSObject+Unit.h */ = {isa = PBXFileReference; fileEncoding = 4; lastKnownFileType = sourcecode.c.h; path = "NSObject+Unit.h"; sourceTree = "<group>"; };
		00F7FC681AEDDA860080AFC7 /* NSObject+Unit.m */ = {isa = PBXFileReference; fileEncoding = 4; lastKnownFileType = sourcecode.c.objc; path = "NSObject+Unit.m"; sourceTree = "<group>"; };
		00F7FC6B1AEDEB840080AFC7 /* GinCategory_Debug.h */ = {isa = PBXFileReference; fileEncoding = 4; lastKnownFileType = sourcecode.c.h; path = GinCategory_Debug.h; sourceTree = "<group>"; };
		00F7FC6C1AEDEB840080AFC7 /* NSString+Debug.h */ = {isa = PBXFileReference; fileEncoding = 4; lastKnownFileType = sourcecode.c.h; path = "NSString+Debug.h"; sourceTree = "<group>"; };
		00F7FC6D1AEDEB840080AFC7 /* NSString+Debug.m */ = {isa = PBXFileReference; fileEncoding = 4; lastKnownFileType = sourcecode.c.objc; path = "NSString+Debug.m"; sourceTree = "<group>"; };
		00F7FC6E1AEDEB840080AFC7 /* UIView+Debug.h */ = {isa = PBXFileReference; fileEncoding = 4; lastKnownFileType = sourcecode.c.h; path = "UIView+Debug.h"; sourceTree = "<group>"; };
		00F7FC6F1AEDEB840080AFC7 /* UIView+Debug.m */ = {isa = PBXFileReference; fileEncoding = 4; lastKnownFileType = sourcecode.c.objc; path = "UIView+Debug.m"; sourceTree = "<group>"; };
		4AED559755DDFC3C93282E3E /* Pods-FrameworkDemo.debug.xcconfig */ = {isa = PBXFileReference; includeInIndex = 1; lastKnownFileType = text.xcconfig; name = "Pods-FrameworkDemo.debug.xcconfig"; path = "Pods/Target Support Files/Pods-FrameworkDemo/Pods-FrameworkDemo.debug.xcconfig"; sourceTree = "<group>"; };
		5CEA7F50353C1F94BBA57D65 /* Pods-FrameworkDemo.release.xcconfig */ = {isa = PBXFileReference; includeInIndex = 1; lastKnownFileType = text.xcconfig; name = "Pods-FrameworkDemo.release.xcconfig"; path = "Pods/Target Support Files/Pods-FrameworkDemo/Pods-FrameworkDemo.release.xcconfig"; sourceTree = "<group>"; };
		8F9888BAC7F9314A74456E85 /* libPods-FrameworkDemo.a */ = {isa = PBXFileReference; explicitFileType = archive.ar; includeInIndex = 0; path = "libPods-FrameworkDemo.a"; sourceTree = BUILT_PRODUCTS_DIR; };
/* End PBXFileReference section */

/* Begin PBXFrameworksBuildPhase section */
		000B52851ADBCF8100946853 /* Frameworks */ = {
			isa = PBXFrameworksBuildPhase;
			buildActionMask = 2147483647;
			files = (
				4E5845315A651ACF25BD47AB /* libPods-FrameworkDemo.a in Frameworks */,
			);
			runOnlyForDeploymentPostprocessing = 0;
		};
		000B529E1ADBCF8100946853 /* Frameworks */ = {
			isa = PBXFrameworksBuildPhase;
			buildActionMask = 2147483647;
			files = (
			);
			runOnlyForDeploymentPostprocessing = 0;
		};
/* End PBXFrameworksBuildPhase section */

/* Begin PBXGroup section */
		000B527F1ADBCF8100946853 = {
			isa = PBXGroup;
			children = (
				000B528A1ADBCF8100946853 /* FrameworkDemo */,
				006A94B51ADF96920093BEBE /* GinhoorFramework.podspec */,
				006A93221ADE09090093BEBE /* GinhoorFramework */,
				000B52A41ADBCF8100946853 /* FrameworkDemoTests */,
				000B52891ADBCF8100946853 /* Products */,
				C57227DF23CB0B8D8D915585 /* Pods */,
				75E79BE1465D23ACB47BEC14 /* Frameworks */,
			);
			sourceTree = "<group>";
		};
		000B52891ADBCF8100946853 /* Products */ = {
			isa = PBXGroup;
			children = (
				000B52881ADBCF8100946853 /* FrameworkDemo.app */,
				000B52A11ADBCF8100946853 /* FrameworkDemoTests.xctest */,
			);
			name = Products;
			sourceTree = "<group>";
		};
		000B528A1ADBCF8100946853 /* FrameworkDemo */ = {
			isa = PBXGroup;
			children = (
				000B528F1ADBCF8100946853 /* AppDelegate.h */,
				000B52901ADBCF8100946853 /* AppDelegate.m */,
				000B52921ADBCF8100946853 /* ViewController.h */,
				000B52931ADBCF8100946853 /* ViewController.m */,
				00A527F81AF728AC00219A98 /* GinSystemButton */,
				00905F0E1AE749F4004B5CA1 /* TableView */,
				000B52951ADBCF8100946853 /* Main.storyboard */,
				000B52981ADBCF8100946853 /* Images.xcassets */,
				000B529A1ADBCF8100946853 /* LaunchScreen.xib */,
				000B528B1ADBCF8100946853 /* Supporting Files */,
			);
			path = FrameworkDemo;
			sourceTree = "<group>";
		};
		000B528B1ADBCF8100946853 /* Supporting Files */ = {
			isa = PBXGroup;
			children = (
				000B528C1ADBCF8100946853 /* Info.plist */,
				000B528D1ADBCF8100946853 /* main.m */,
				000B531C1ADBEB8D00946853 /* FrameworkDemo-Bridging-Header.h */,
			);
			name = "Supporting Files";
			sourceTree = "<group>";
		};
		000B52A41ADBCF8100946853 /* FrameworkDemoTests */ = {
			isa = PBXGroup;
			children = (
				000B52A71ADBCF8100946853 /* FrameworkDemoTests.m */,
				000B52A51ADBCF8100946853 /* Supporting Files */,
			);
			path = FrameworkDemoTests;
			sourceTree = "<group>";
		};
		000B52A51ADBCF8100946853 /* Supporting Files */ = {
			isa = PBXGroup;
			children = (
				000B52A61ADBCF8100946853 /* Info.plist */,
			);
			name = "Supporting Files";
			sourceTree = "<group>";
		};
		006A220A1B0AF92E0003059F /* PullDownMenu */ = {
			isa = PBXGroup;
			children = (
				006A220B1B0AF92E0003059F /* GinPullDownMenu.h */,
				006A220C1B0AF92E0003059F /* GinPullDownMenu.m */,
				006A220D1B0AF92E0003059F /* GinPullDownMenuCell.h */,
				006A220E1B0AF92E0003059F /* GinPullDownMenuCell.m */,
				006A220F1B0AF92E0003059F /* GinPullDownMenuItem.h */,
				006A22101B0AF92E0003059F /* GinPullDownMenuItem.m */,
			);
			path = PullDownMenu;
			sourceTree = "<group>";
		};
		006A93221ADE09090093BEBE /* GinhoorFramework */ = {
			isa = PBXGroup;
			children = (
				006A93A41ADE09090093BEBE /* GinhoorFramework.h */,
				00F7FC6A1AEDEB840080AFC7 /* Debug */,
				006A93231ADE09090093BEBE /* Category */,
				006A93891ADE09090093BEBE /* CustomView */,
				006A93901ADE09090093BEBE /* CustomViewController */,
				006A93A51ADE09090093BEBE /* GinSysInfo */,
				00F4C9A31AE65B4F00B3F485 /* Tools */,
			);
			name = GinhoorFramework;
			path = ../GinhoorFramework;
			sourceTree = "<group>";
		};
		006A93231ADE09090093BEBE /* Category */ = {
			isa = PBXGroup;
			children = (
				006AF4AA1B09EF290033BCA3 /* Header */,
				00F7FC631AEDDA6B0080AFC7 /* NSObject */,
				006A93241ADE09090093BEBE /* Base64 */,
				006A932A1ADE09090093BEBE /* BaseClass */,
				006A935A1ADE09090093BEBE /* Draw */,
				006A93631ADE09090093BEBE /* NSData */,
				006A93681ADE09090093BEBE /* NSDate */,
				006A936B1ADE09090093BEBE /* NSString */,
				006A93701ADE09090093BEBE /* NSURL */,
				006A93751ADE09090093BEBE /* UIAlertController */,
				006A937A1ADE09090093BEBE /* UIImage */,
				006A937D1ADE09090093BEBE /* UIResponder */,
				006A93801ADE09090093BEBE /* UIView */,
				006A93851ADE09090093BEBE /* UIViewController */,
				006A93861ADE09090093BEBE /* UIWindow */,
			);
			path = Category;
			sourceTree = "<group>";
		};
		006A93241ADE09090093BEBE /* Base64 */ = {
			isa = PBXGroup;
			children = (
				006A93251ADE09090093BEBE /* GinCategory_Base64.h */,
				006A93261ADE09090093BEBE /* NSString+Base64.h */,
				006A93271ADE09090093BEBE /* NSString+Base64.m */,
				006A93281ADE09090093BEBE /* UIImage+Base64.h */,
				006A93291ADE09090093BEBE /* UIImage+Base64.m */,
			);
			path = Base64;
			sourceTree = "<group>";
		};
		006A932A1ADE09090093BEBE /* BaseClass */ = {
			isa = PBXGroup;
			children = (
				006A932B1ADE09090093BEBE /* CollectionView */,
				006A933B1ADE09090093BEBE /* CoreData */,
				006A933F1ADE09090093BEBE /* TableView */,
				006A934A1ADE09090093BEBE /* View */,
				006A934F1ADE09090093BEBE /* ViewController */,
			);
			path = BaseClass;
			sourceTree = "<group>";
		};
		006A932B1ADE09090093BEBE /* CollectionView */ = {
			isa = PBXGroup;
			children = (
				006A932E1ADE09090093BEBE /* Cell */,
				006A93311ADE09090093BEBE /* GinCollectionLayout */,
				006A93361ADE09090093BEBE /* Header */,
				006A94B71ADF9CBD0093BEBE /* UICollectionView+GinBaseClass.h */,
				006A94B81ADF9CBD0093BEBE /* UICollectionView+GinBaseClass.m */,
				006A94C61ADFBA4D0093BEBE /* UIViewController+GinBaseCollectionView.h */,
				006A94C71ADFBA4D0093BEBE /* UIViewController+GinBaseCollectionView.m */,
			);
			path = CollectionView;
			sourceTree = "<group>";
		};
		006A932E1ADE09090093BEBE /* Cell */ = {
			isa = PBXGroup;
			children = (
				006A932F1ADE09090093BEBE /* GinBaseNoContentCell.h */,
				006A93301ADE09090093BEBE /* GinBaseNoContentCell.m */,
			);
			path = Cell;
			sourceTree = "<group>";
		};
		006A93311ADE09090093BEBE /* GinCollectionLayout */ = {
			isa = PBXGroup;
			children = (
				006A93321ADE09090093BEBE /* GinCollectionLayout.h */,
				006A93331ADE09090093BEBE /* GinCollectionLayout.m */,
				006A93341ADE09090093BEBE /* GinHeightDynamicCollectionLayout.h */,
				006A93351ADE09090093BEBE /* GinHeightDynamicCollectionLayout.m */,
			);
			path = GinCollectionLayout;
			sourceTree = "<group>";
		};
		006A93361ADE09090093BEBE /* Header */ = {
			isa = PBXGroup;
			children = (
				006A93371ADE09090093BEBE /* GinBaseTitleHeader.h */,
				006A93381ADE09090093BEBE /* GinBaseTitleHeader.m */,
			);
			path = Header;
			sourceTree = "<group>";
		};
		006A933B1ADE09090093BEBE /* CoreData */ = {
			isa = PBXGroup;
			children = (
				006A933C1ADE09090093BEBE /* GinBaseCoreDataResponder.h */,
				006A933D1ADE09090093BEBE /* GinBaseCoreDataResponder.m */,
			);
			path = CoreData;
			sourceTree = "<group>";
		};
		006A933F1ADE09090093BEBE /* TableView */ = {
			isa = PBXGroup;
			children = (
				006A93421ADE09090093BEBE /* Cell */,
				006A93451ADE09090093BEBE /* SectionView */,
				006A94531ADEB3260093BEBE /* UITableView+GinBaseClass.h */,
				006A94541ADEB3260093BEBE /* UITableView+GinBaseClass.m */,
				006A94BA1ADFAD6D0093BEBE /* UIViewController+GinBaseTableView.h */,
				006A94BB1ADFAD6D0093BEBE /* UIViewController+GinBaseTableView.m */,
			);
			path = TableView;
			sourceTree = "<group>";
		};
		006A93421ADE09090093BEBE /* Cell */ = {
			isa = PBXGroup;
			children = (
				006A93431ADE09090093BEBE /* GinBaseNoContentTabCell.h */,
				006A93441ADE09090093BEBE /* GinBaseNoContentTabCell.m */,
			);
			path = Cell;
			sourceTree = "<group>";
		};
		006A93451ADE09090093BEBE /* SectionView */ = {
			isa = PBXGroup;
			children = (
				006A93461ADE09090093BEBE /* GinBaseTitleSectionView.h */,
				006A93471ADE09090093BEBE /* GinBaseTitleSectionView.m */,
			);
			path = SectionView;
			sourceTree = "<group>";
		};
		006A934A1ADE09090093BEBE /* View */ = {
			isa = PBXGroup;
			children = (
				006A934D1ADE09090093BEBE /* UIView+GinCGRect.h */,
				006A934E1ADE09090093BEBE /* UIView+GinCGRect.m */,
				006A94C31ADFB9C70093BEBE /* UIView+GinBaseClass.h */,
				006A94C41ADFB9C70093BEBE /* UIView+GinBaseClass.m */,
			);
			path = View;
			sourceTree = "<group>";
		};
		006A934F1ADE09090093BEBE /* ViewController */ = {
			isa = PBXGroup;
			children = (
				006A93521ADE09090093BEBE /* UIViewController+GinBaseClass.h */,
				006A93531ADE09090093BEBE /* UIViewController+GinBaseClass.m */,
			);
			path = ViewController;
			sourceTree = "<group>";
		};
		006A935A1ADE09090093BEBE /* Draw */ = {
			isa = PBXGroup;
			children = (
				006A935B1ADE09090093BEBE /* NSObject+CoreGraphic.h */,
				006A935C1ADE09090093BEBE /* NSObject+CoreGraphic.m */,
			);
			path = Draw;
			sourceTree = "<group>";
		};
		006A93631ADE09090093BEBE /* NSData */ = {
			isa = PBXGroup;
			children = (
				006A93641ADE09090093BEBE /* NSData+NSString.h */,
				006A93651ADE09090093BEBE /* NSData+NSString.m */,
			);
			path = NSData;
			sourceTree = "<group>";
		};
		006A93681ADE09090093BEBE /* NSDate */ = {
			isa = PBXGroup;
			children = (
				006A93691ADE09090093BEBE /* NSDate+RCUtility.h */,
				006A936A1ADE09090093BEBE /* NSDate+RCUtility.m */,
			);
			path = NSDate;
			sourceTree = "<group>";
		};
		006A936B1ADE09090093BEBE /* NSString */ = {
			isa = PBXGroup;
			children = (
				00F4C9A01AE6361F00B3F485 /* NSString+Type.h */,
				00F4C9A11AE6361F00B3F485 /* NSString+Type.m */,
				006A94CD1ADFFF570093BEBE /* NSString+Json.h */,
				006A94CE1ADFFF570093BEBE /* NSString+Json.m */,
				006A936C1ADE09090093BEBE /* NSString+formatContentString.h */,
				006A936D1ADE09090093BEBE /* NSString+formatContentString.m */,
				006A936E1ADE09090093BEBE /* NSString+Size.h */,
				006A936F1ADE09090093BEBE /* NSString+Size.m */,
			);
			path = NSString;
			sourceTree = "<group>";
		};
		006A93701ADE09090093BEBE /* NSURL */ = {
			isa = PBXGroup;
			children = (
				006A93711ADE09090093BEBE /* NSURL+Unit.h */,
				006A93721ADE09090093BEBE /* NSURL+Unit.m */,
				006A93731ADE09090093BEBE /* NSURL+Videos.h */,
				006A93741ADE09090093BEBE /* NSURL+Videos.m */,
			);
			path = NSURL;
			sourceTree = "<group>";
		};
		006A93751ADE09090093BEBE /* UIAlertController */ = {
			isa = PBXGroup;
			children = (
				006A93761ADE09090093BEBE /* UIAlertController+Unit.h */,
				006A93771ADE09090093BEBE /* UIAlertController+Unit.m */,
				006A93781ADE09090093BEBE /* UIAlertView+Unit.h */,
				006A93791ADE09090093BEBE /* UIAlertView+Unit.m */,
			);
			path = UIAlertController;
			sourceTree = "<group>";
		};
		006A937A1ADE09090093BEBE /* UIImage */ = {
			isa = PBXGroup;
			children = (
				006A937B1ADE09090093BEBE /* UIImage+GinUnit.h */,
				006A937C1ADE09090093BEBE /* UIImage+GinUnit.m */,
			);
			path = UIImage;
			sourceTree = "<group>";
		};
		006A937D1ADE09090093BEBE /* UIResponder */ = {
			isa = PBXGroup;
			children = (
				006A937E1ADE09090093BEBE /* UIResponder+Unit.h */,
				006A937F1ADE09090093BEBE /* UIResponder+Unit.m */,
			);
			path = UIResponder;
			sourceTree = "<group>";
		};
		006A93801ADE09090093BEBE /* UIView */ = {
			isa = PBXGroup;
			children = (
				006A93811ADE09090093BEBE /* UIView+Layer.h */,
				006A93821ADE09090093BEBE /* UIView+Layer.m */,
				006A93831ADE09090093BEBE /* UIView+view2Image.h */,
				006A93841ADE09090093BEBE /* UIView+view2Image.m */,
			);
			path = UIView;
			sourceTree = "<group>";
		};
		006A93851ADE09090093BEBE /* UIViewController */ = {
			isa = PBXGroup;
			children = (
			);
			path = UIViewController;
			sourceTree = "<group>";
		};
		006A93861ADE09090093BEBE /* UIWindow */ = {
			isa = PBXGroup;
			children = (
				006A93871ADE09090093BEBE /* UIWindow+fullScreenshots.h */,
				006A93881ADE09090093BEBE /* UIWindow+fullScreenshots.m */,
			);
			path = UIWindow;
			sourceTree = "<group>";
		};
		006A93891ADE09090093BEBE /* CustomView */ = {
			isa = PBXGroup;
			children = (
				006A220A1B0AF92E0003059F /* PullDownMenu */,
				00A527DF1AF7209000219A98 /* BaseClass */,
				00F760AE1AE8B0F500AA47C9 /* Keyboard */,
				006A938A1ADE09090093BEBE /* Button */,
			);
			path = CustomView;
			sourceTree = "<group>";
		};
		006A938A1ADE09090093BEBE /* Button */ = {
			isa = PBXGroup;
			children = (
				006A938B1ADE09090093BEBE /* GinSystemButton.h */,
				006A938C1ADE09090093BEBE /* GinSystemButton.m */,
			);
			path = Button;
			sourceTree = "<group>";
		};
		006A93901ADE09090093BEBE /* CustomViewController */ = {
			isa = PBXGroup;
			children = (
				00A527F41AF7259700219A98 /* GinWebViewController */,
				006A93911ADE09090093BEBE /* GinPageController */,
				006A93941ADE09090093BEBE /* GinPopup */,
				006A939D1ADE09090093BEBE /* GinQRCodePicker */,
			);
			path = CustomViewController;
			sourceTree = "<group>";
		};
		006A93911ADE09090093BEBE /* GinPageController */ = {
			isa = PBXGroup;
			children = (
				006A93921ADE09090093BEBE /* GinPageViewController.h */,
				006A93931ADE09090093BEBE /* GinPageViewController.m */,
			);
			path = GinPageController;
			sourceTree = "<group>";
		};
		006A93941ADE09090093BEBE /* GinPopup */ = {
			isa = PBXGroup;
			children = (
				00F4C9991AE630C300B3F485 /* GinPopup+Unit.h */,
				00F4C99A1AE630C300B3F485 /* GinPopup+Unit.m */,
				006A93951ADE09090093BEBE /* GinPopup.h */,
				006A93961ADE09090093BEBE /* GinPopup.m */,
				006A93971ADE09090093BEBE /* GinPopupContentView.h */,
				006A93981ADE09090093BEBE /* GinPopupContentView.m */,
				006A93991ADE09090093BEBE /* GinPopupGradientView.h */,
				006A939A1ADE09090093BEBE /* GinPopupGradientView.m */,
				006A939B1ADE09090093BEBE /* GinPopupViewController.h */,
				006A939C1ADE09090093BEBE /* GinPopupViewController.m */,
			);
			path = GinPopup;
			sourceTree = "<group>";
		};
		006A939D1ADE09090093BEBE /* GinQRCodePicker */ = {
			isa = PBXGroup;
			children = (
				006A939E1ADE09090093BEBE /* GinQRCodePickerBaseController.h */,
				006A939F1ADE09090093BEBE /* GinQRCodePickerBaseController.m */,
				006A93A01ADE09090093BEBE /* GinScanQRCoderController */,
			);
			path = GinQRCodePicker;
			sourceTree = "<group>";
		};
		006A93A01ADE09090093BEBE /* GinScanQRCoderController */ = {
			isa = PBXGroup;
			children = (
				006A93A11ADE09090093BEBE /* GinScanQRCoderController.h */,
				006A93A21ADE09090093BEBE /* GinScanQRCoderController.m */,
				006A93A31ADE09090093BEBE /* GinScanQRCoderController.storyboard */,
			);
			path = GinScanQRCoderController;
			sourceTree = "<group>";
		};
		006A93A51ADE09090093BEBE /* GinSysInfo */ = {
			isa = PBXGroup;
			children = (
				006A93A61ADE09090093BEBE /* Gin_Macro.h */,
				006A93A71ADE09090093BEBE /* GinSysInfo.h */,
				006A93A81ADE09090093BEBE /* GinSysInfo.m */,
			);
			path = GinSysInfo;
			sourceTree = "<group>";
		};
		006AF4AA1B09EF290033BCA3 /* Header */ = {
			isa = PBXGroup;
			children = (
				006AF4AB1B09EFE00033BCA3 /* GinTypeUnitHeader.h */,
			);
			path = Header;
			sourceTree = "<group>";
		};
		00905F0E1AE749F4004B5CA1 /* TableView */ = {
			isa = PBXGroup;
			children = (
				00905F0F1AE74A09004B5CA1 /* TableViewController.h */,
				00905F101AE74A09004B5CA1 /* TableViewController.m */,
			);
			path = TableView;
			sourceTree = "<group>";
		};
		00A527DF1AF7209000219A98 /* BaseClass */ = {
			isa = PBXGroup;
			children = (
				00A527E01AF720A500219A98 /* BaseView.h */,
				00A527E11AF720A500219A98 /* BaseView.m */,
				00A527E31AF720C200219A98 /* BaseViewController.h */,
				00A527E41AF720C200219A98 /* BaseViewController.m */,
				00A527E61AF720FF00219A98 /* BaseTableViewController.h */,
				00A527E71AF720FF00219A98 /* BaseTableViewController.m */,
				00A527E91AF7210C00219A98 /* BaseCollectionViewContoller.h */,
				00A527EA1AF7210C00219A98 /* BaseCollectionViewContoller.m */,
			);
			path = BaseClass;
			sourceTree = "<group>";
		};
		00A527F41AF7259700219A98 /* GinWebViewController */ = {
			isa = PBXGroup;
			children = (
				00A527F51AF7259F00219A98 /* GinWebViewController.h */,
				00A527F61AF7259F00219A98 /* GinWebViewController.m */,
			);
			path = GinWebViewController;
			sourceTree = "<group>";
		};
		00A527F81AF728AC00219A98 /* GinSystemButton */ = {
			isa = PBXGroup;
			children = (
				00A527F91AF728B700219A98 /* GinSystemButtonViewController.h */,
				00A527FA1AF728B700219A98 /* GinSystemButtonViewController.m */,
				00A527FC1AF7299B00219A98 /* GinSystemButtonViewController.storyboard */,
			);
			path = GinSystemButton;
			sourceTree = "<group>";
		};
		00F4C9A31AE65B4F00B3F485 /* Tools */ = {
			isa = PBXGroup;
			children = (
				00F4C9A81AE65BEE00B3F485 /* CheckAppVersion */,
			);
			path = Tools;
			sourceTree = "<group>";
		};
		00F4C9A81AE65BEE00B3F485 /* CheckAppVersion */ = {
			isa = PBXGroup;
			children = (
				00F4C9A91AE65BEE00B3F485 /* CheckAppVersion.h */,
				00F4C9AA1AE65BEE00B3F485 /* CheckAppVersion.m */,
			);
			path = CheckAppVersion;
			sourceTree = "<group>";
		};
		00F760AE1AE8B0F500AA47C9 /* Keyboard */ = {
			isa = PBXGroup;
			children = (
				00F760AF1AE8B0F500AA47C9 /* UITextField+Keyboard.h */,
				00F760B01AE8B0F500AA47C9 /* UITextField+Keyboard.m */,
				00F760B11AE8B0F500AA47C9 /* UITextView+Keyboard.h */,
				00F760B21AE8B0F500AA47C9 /* UITextView+Keyboard.m */,
			);
			path = Keyboard;
			sourceTree = "<group>";
		};
		00F7FC631AEDDA6B0080AFC7 /* NSObject */ = {
			isa = PBXGroup;
			children = (
				00F7FC641AEDDA7B0080AFC7 /* NSObject+GinSetterAndGetter.h */,
				00F7FC651AEDDA7B0080AFC7 /* NSObject+GinSetterAndGetter.m */,
				00F7FC671AEDDA860080AFC7 /* NSObject+Unit.h */,
				00F7FC681AEDDA860080AFC7 /* NSObject+Unit.m */,
			);
			path = NSObject;
			sourceTree = "<group>";
		};
		00F7FC6A1AEDEB840080AFC7 /* Debug */ = {
			isa = PBXGroup;
			children = (
				00F7FC6B1AEDEB840080AFC7 /* GinCategory_Debug.h */,
				00F7FC6C1AEDEB840080AFC7 /* NSString+Debug.h */,
				00F7FC6D1AEDEB840080AFC7 /* NSString+Debug.m */,
				00F7FC6E1AEDEB840080AFC7 /* UIView+Debug.h */,
				00F7FC6F1AEDEB840080AFC7 /* UIView+Debug.m */,
			);
			path = Debug;
			sourceTree = "<group>";
		};
		75E79BE1465D23ACB47BEC14 /* Frameworks */ = {
			isa = PBXGroup;
			children = (
				8F9888BAC7F9314A74456E85 /* libPods-FrameworkDemo.a */,
			);
			name = Frameworks;
			sourceTree = "<group>";
		};
		C57227DF23CB0B8D8D915585 /* Pods */ = {
			isa = PBXGroup;
			children = (
				4AED559755DDFC3C93282E3E /* Pods-FrameworkDemo.debug.xcconfig */,
				5CEA7F50353C1F94BBA57D65 /* Pods-FrameworkDemo.release.xcconfig */,
			);
			name = Pods;
			sourceTree = "<group>";
		};
/* End PBXGroup section */

/* Begin PBXNativeTarget section */
		000B52871ADBCF8100946853 /* FrameworkDemo */ = {
			isa = PBXNativeTarget;
			buildConfigurationList = 000B52AB1ADBCF8100946853 /* Build configuration list for PBXNativeTarget "FrameworkDemo" */;
			buildPhases = (
				25AA9662E5492A3FE89B580B /* Check Pods Manifest.lock */,
				000B52841ADBCF8100946853 /* Sources */,
				000B52851ADBCF8100946853 /* Frameworks */,
				000B52861ADBCF8100946853 /* Resources */,
				3C9567007199396D075D5D5B /* Copy Pods Resources */,
			);
			buildRules = (
			);
			dependencies = (
			);
			name = FrameworkDemo;
			productName = FrameworkDemo;
			productReference = 000B52881ADBCF8100946853 /* FrameworkDemo.app */;
			productType = "com.apple.product-type.application";
		};
		000B52A01ADBCF8100946853 /* FrameworkDemoTests */ = {
			isa = PBXNativeTarget;
			buildConfigurationList = 000B52AE1ADBCF8100946853 /* Build configuration list for PBXNativeTarget "FrameworkDemoTests" */;
			buildPhases = (
				000B529D1ADBCF8100946853 /* Sources */,
				000B529E1ADBCF8100946853 /* Frameworks */,
				000B529F1ADBCF8100946853 /* Resources */,
			);
			buildRules = (
			);
			dependencies = (
				000B52A31ADBCF8100946853 /* PBXTargetDependency */,
			);
			name = FrameworkDemoTests;
			productName = FrameworkDemoTests;
			productReference = 000B52A11ADBCF8100946853 /* FrameworkDemoTests.xctest */;
			productType = "com.apple.product-type.bundle.unit-test";
		};
/* End PBXNativeTarget section */

/* Begin PBXProject section */
		000B52801ADBCF8100946853 /* Project object */ = {
			isa = PBXProject;
			attributes = {
				LastUpgradeCheck = 0630;
				ORGANIZATIONNAME = JunhuaShao;
				TargetAttributes = {
					000B52871ADBCF8100946853 = {
						CreatedOnToolsVersion = 6.3;
					};
					000B52A01ADBCF8100946853 = {
						CreatedOnToolsVersion = 6.3;
						TestTargetID = 000B52871ADBCF8100946853;
					};
				};
			};
			buildConfigurationList = 000B52831ADBCF8100946853 /* Build configuration list for PBXProject "FrameworkDemo" */;
			compatibilityVersion = "Xcode 3.2";
			developmentRegion = English;
			hasScannedForEncodings = 0;
			knownRegions = (
				en,
				Base,
			);
			mainGroup = 000B527F1ADBCF8100946853;
			productRefGroup = 000B52891ADBCF8100946853 /* Products */;
			projectDirPath = "";
			projectRoot = "";
			targets = (
				000B52871ADBCF8100946853 /* FrameworkDemo */,
				000B52A01ADBCF8100946853 /* FrameworkDemoTests */,
			);
		};
/* End PBXProject section */

/* Begin PBXResourcesBuildPhase section */
		000B52861ADBCF8100946853 /* Resources */ = {
			isa = PBXResourcesBuildPhase;
			buildActionMask = 2147483647;
			files = (
				000B52971ADBCF8100946853 /* Main.storyboard in Resources */,
				006A94B61ADF96920093BEBE /* GinhoorFramework.podspec in Resources */,
				006A93D61ADE09090093BEBE /* GinScanQRCoderController.storyboard in Resources */,
				000B529C1ADBCF8100946853 /* LaunchScreen.xib in Resources */,
				000B52991ADBCF8100946853 /* Images.xcassets in Resources */,
				00A527FD1AF7299B00219A98 /* GinSystemButtonViewController.storyboard in Resources */,
			);
			runOnlyForDeploymentPostprocessing = 0;
		};
		000B529F1ADBCF8100946853 /* Resources */ = {
			isa = PBXResourcesBuildPhase;
			buildActionMask = 2147483647;
			files = (
			);
			runOnlyForDeploymentPostprocessing = 0;
		};
/* End PBXResourcesBuildPhase section */

/* Begin PBXShellScriptBuildPhase section */
		25AA9662E5492A3FE89B580B /* Check Pods Manifest.lock */ = {
			isa = PBXShellScriptBuildPhase;
			buildActionMask = 2147483647;
			files = (
			);
			inputPaths = (
			);
			name = "Check Pods Manifest.lock";
			outputPaths = (
			);
			runOnlyForDeploymentPostprocessing = 0;
			shellPath = /bin/sh;
			shellScript = "diff \"${PODS_ROOT}/../Podfile.lock\" \"${PODS_ROOT}/Manifest.lock\" > /dev/null\nif [[ $? != 0 ]] ; then\n    cat << EOM\nerror: The sandbox is not in sync with the Podfile.lock. Run 'pod install' or update your CocoaPods installation.\nEOM\n    exit 1\nfi\n";
			showEnvVarsInLog = 0;
		};
		3C9567007199396D075D5D5B /* Copy Pods Resources */ = {
			isa = PBXShellScriptBuildPhase;
			buildActionMask = 2147483647;
			files = (
			);
			inputPaths = (
			);
			name = "Copy Pods Resources";
			outputPaths = (
			);
			runOnlyForDeploymentPostprocessing = 0;
			shellPath = /bin/sh;
			shellScript = "\"${SRCROOT}/Pods/Target Support Files/Pods-FrameworkDemo/Pods-FrameworkDemo-resources.sh\"\n";
			showEnvVarsInLog = 0;
		};
/* End PBXShellScriptBuildPhase section */

/* Begin PBXSourcesBuildPhase section */
		000B52841ADBCF8100946853 /* Sources */ = {
			isa = PBXSourcesBuildPhase;
			buildActionMask = 2147483647;
			files = (
				00A527F71AF7259F00219A98 /* GinWebViewController.m in Sources */,
				006A94C81ADFBA4D0093BEBE /* UIViewController+GinBaseCollectionView.m in Sources */,
				006A22121B0AF92E0003059F /* GinPullDownMenuCell.m in Sources */,
				00A527FB1AF728B700219A98 /* GinSystemButtonViewController.m in Sources */,
				006A93C81ADE09090093BEBE /* UIImage+GinUnit.m in Sources */,
				006A93AD1ADE09090093BEBE /* GinCollectionLayout.m in Sources */,
				006A93C31ADE09090093BEBE /* NSString+Size.m in Sources */,
				006A93B31ADE09090093BEBE /* GinBaseNoContentTabCell.m in Sources */,
				006A93AE1ADE09090093BEBE /* GinHeightDynamicCollectionLayout.m in Sources */,
				006A22111B0AF92E0003059F /* GinPullDownMenu.m in Sources */,
				006A94CF1ADFFF570093BEBE /* NSString+Json.m in Sources */,
				006A94BC1ADFAD6D0093BEBE /* UIViewController+GinBaseTableView.m in Sources */,
				006A93B71ADE09090093BEBE /* UIView+GinCGRect.m in Sources */,
				006A93CC1ADE09090093BEBE /* UIWindow+fullScreenshots.m in Sources */,
				006A93C61ADE09090093BEBE /* UIAlertController+Unit.m in Sources */,
				006A93D51ADE09090093BEBE /* GinScanQRCoderController.m in Sources */,
				006A93D71ADE09090093BEBE /* GinSysInfo.m in Sources */,
				006A93AF1ADE09090093BEBE /* GinBaseTitleHeader.m in Sources */,
				006A93D21ADE09090093BEBE /* GinPopupGradientView.m in Sources */,
				00F4C9A21AE6361F00B3F485 /* NSString+Type.m in Sources */,
				00905F111AE74A09004B5CA1 /* TableViewController.m in Sources */,
				006A94C51ADFB9C70093BEBE /* UIView+GinBaseClass.m in Sources */,
				006A94B91ADF9CBD0093BEBE /* UICollectionView+GinBaseClass.m in Sources */,
				006A93BF1ADE09090093BEBE /* NSData+NSString.m in Sources */,
				006A93A91ADE09090093BEBE /* NSString+Base64.m in Sources */,
				00F4C9AB1AE65BEE00B3F485 /* CheckAppVersion.m in Sources */,
				006A93D31ADE09090093BEBE /* GinPopupViewController.m in Sources */,
				00F4C99B1AE630C300B3F485 /* GinPopup+Unit.m in Sources */,
				006A93D41ADE09090093BEBE /* GinQRCodePickerBaseController.m in Sources */,
				00F7FC691AEDDA860080AFC7 /* NSObject+Unit.m in Sources */,
				006A93C41ADE09090093BEBE /* NSURL+Unit.m in Sources */,
				006A93C21ADE09090093BEBE /* NSString+formatContentString.m in Sources */,
				006A93D01ADE09090093BEBE /* GinPopup.m in Sources */,
				006A93CD1ADE09090093BEBE /* GinSystemButton.m in Sources */,
				000B52941ADBCF8100946853 /* ViewController.m in Sources */,
				006A93C51ADE09090093BEBE /* NSURL+Videos.m in Sources */,
				006A94551ADEB3260093BEBE /* UITableView+GinBaseClass.m in Sources */,
				00F7FC661AEDDA7B0080AFC7 /* NSObject+GinSetterAndGetter.m in Sources */,
				006A93C71ADE09090093BEBE /* UIAlertView+Unit.m in Sources */,
				00F7FC711AEDEB840080AFC7 /* UIView+Debug.m in Sources */,
				006A93B11ADE09090093BEBE /* GinBaseCoreDataResponder.m in Sources */,
				006A93D11ADE09090093BEBE /* GinPopupContentView.m in Sources */,
				00A527E81AF720FF00219A98 /* BaseTableViewController.m in Sources */,
				006A93B91ADE09090093BEBE /* UIViewController+GinBaseClass.m in Sources */,
				00F760B31AE8B0F500AA47C9 /* UITextField+Keyboard.m in Sources */,
				006A22131B0AF92E0003059F /* GinPullDownMenuItem.m in Sources */,
				000B52911ADBCF8100946853 /* AppDelegate.m in Sources */,
				006A93BC1ADE09090093BEBE /* NSObject+CoreGraphic.m in Sources */,
				00F7FC701AEDEB840080AFC7 /* NSString+Debug.m in Sources */,
				000B528E1ADBCF8100946853 /* main.m in Sources */,
				006A93C11ADE09090093BEBE /* NSDate+RCUtility.m in Sources */,
				006A93C91ADE09090093BEBE /* UIResponder+Unit.m in Sources */,
				00A527EB1AF7210C00219A98 /* BaseCollectionViewContoller.m in Sources */,
				00A527E51AF720C200219A98 /* BaseViewController.m in Sources */,
				006A93AC1ADE09090093BEBE /* GinBaseNoContentCell.m in Sources */,
				00A527E21AF720A500219A98 /* BaseView.m in Sources */,
				006A93CB1ADE09090093BEBE /* UIView+view2Image.m in Sources */,
				006A93AA1ADE09090093BEBE /* UIImage+Base64.m in Sources */,
				006A93CA1ADE09090093BEBE /* UIView+Layer.m in Sources */,
				006A93CF1ADE09090093BEBE /* GinPageViewController.m in Sources */,
				00F760B41AE8B0F500AA47C9 /* UITextView+Keyboard.m in Sources */,
				006A93B41ADE09090093BEBE /* GinBaseTitleSectionView.m in Sources */,
			);
			runOnlyForDeploymentPostprocessing = 0;
		};
		000B529D1ADBCF8100946853 /* Sources */ = {
			isa = PBXSourcesBuildPhase;
			buildActionMask = 2147483647;
			files = (
				000B52A81ADBCF8100946853 /* FrameworkDemoTests.m in Sources */,
			);
			runOnlyForDeploymentPostprocessing = 0;
		};
/* End PBXSourcesBuildPhase section */

/* Begin PBXTargetDependency section */
		000B52A31ADBCF8100946853 /* PBXTargetDependency */ = {
			isa = PBXTargetDependency;
			target = 000B52871ADBCF8100946853 /* FrameworkDemo */;
			targetProxy = 000B52A21ADBCF8100946853 /* PBXContainerItemProxy */;
		};
/* End PBXTargetDependency section */

/* Begin PBXVariantGroup section */
		000B52951ADBCF8100946853 /* Main.storyboard */ = {
			isa = PBXVariantGroup;
			children = (
				000B52961ADBCF8100946853 /* Base */,
			);
			name = Main.storyboard;
			sourceTree = "<group>";
		};
		000B529A1ADBCF8100946853 /* LaunchScreen.xib */ = {
			isa = PBXVariantGroup;
			children = (
				000B529B1ADBCF8100946853 /* Base */,
			);
			name = LaunchScreen.xib;
			sourceTree = "<group>";
		};
/* End PBXVariantGroup section */

/* Begin XCBuildConfiguration section */
		000B52A91ADBCF8100946853 /* Debug */ = {
			isa = XCBuildConfiguration;
			buildSettings = {
				ALWAYS_SEARCH_USER_PATHS = NO;
				CLANG_CXX_LANGUAGE_STANDARD = "gnu++0x";
				CLANG_CXX_LIBRARY = "libc++";
				CLANG_ENABLE_MODULES = YES;
				CLANG_ENABLE_OBJC_ARC = YES;
				CLANG_WARN_BOOL_CONVERSION = YES;
				CLANG_WARN_CONSTANT_CONVERSION = YES;
				CLANG_WARN_DIRECT_OBJC_ISA_USAGE = YES_ERROR;
				CLANG_WARN_EMPTY_BODY = YES;
				CLANG_WARN_ENUM_CONVERSION = YES;
				CLANG_WARN_INT_CONVERSION = YES;
				CLANG_WARN_OBJC_ROOT_CLASS = YES_ERROR;
				CLANG_WARN_UNREACHABLE_CODE = YES;
				CLANG_WARN__DUPLICATE_METHOD_MATCH = YES;
				"CODE_SIGN_IDENTITY[sdk=iphoneos*]" = "iPhone Developer";
				COPY_PHASE_STRIP = NO;
				DEBUG_INFORMATION_FORMAT = "dwarf-with-dsym";
				ENABLE_STRICT_OBJC_MSGSEND = YES;
				GCC_C_LANGUAGE_STANDARD = gnu99;
				GCC_DYNAMIC_NO_PIC = NO;
				GCC_NO_COMMON_BLOCKS = YES;
				GCC_OPTIMIZATION_LEVEL = 0;
				GCC_PREPROCESSOR_DEFINITIONS = (
					"DEBUG=1",
					"$(inherited)",
				);
				GCC_SYMBOLS_PRIVATE_EXTERN = NO;
				GCC_WARN_64_TO_32_BIT_CONVERSION = YES;
				GCC_WARN_ABOUT_RETURN_TYPE = YES_ERROR;
				GCC_WARN_UNDECLARED_SELECTOR = YES;
				GCC_WARN_UNINITIALIZED_AUTOS = YES_AGGRESSIVE;
				GCC_WARN_UNUSED_FUNCTION = YES;
				GCC_WARN_UNUSED_VARIABLE = YES;
				IPHONEOS_DEPLOYMENT_TARGET = 8.3;
				MTL_ENABLE_DEBUG_INFO = YES;
				ONLY_ACTIVE_ARCH = YES;
				SDKROOT = iphoneos;
			};
			name = Debug;
		};
		000B52AA1ADBCF8100946853 /* Release */ = {
			isa = XCBuildConfiguration;
			buildSettings = {
				ALWAYS_SEARCH_USER_PATHS = NO;
				CLANG_CXX_LANGUAGE_STANDARD = "gnu++0x";
				CLANG_CXX_LIBRARY = "libc++";
				CLANG_ENABLE_MODULES = YES;
				CLANG_ENABLE_OBJC_ARC = YES;
				CLANG_WARN_BOOL_CONVERSION = YES;
				CLANG_WARN_CONSTANT_CONVERSION = YES;
				CLANG_WARN_DIRECT_OBJC_ISA_USAGE = YES_ERROR;
				CLANG_WARN_EMPTY_BODY = YES;
				CLANG_WARN_ENUM_CONVERSION = YES;
				CLANG_WARN_INT_CONVERSION = YES;
				CLANG_WARN_OBJC_ROOT_CLASS = YES_ERROR;
				CLANG_WARN_UNREACHABLE_CODE = YES;
				CLANG_WARN__DUPLICATE_METHOD_MATCH = YES;
				"CODE_SIGN_IDENTITY[sdk=iphoneos*]" = "iPhone Developer";
				COPY_PHASE_STRIP = NO;
				DEBUG_INFORMATION_FORMAT = "dwarf-with-dsym";
				ENABLE_NS_ASSERTIONS = NO;
				ENABLE_STRICT_OBJC_MSGSEND = YES;
				GCC_C_LANGUAGE_STANDARD = gnu99;
				GCC_NO_COMMON_BLOCKS = YES;
				GCC_WARN_64_TO_32_BIT_CONVERSION = YES;
				GCC_WARN_ABOUT_RETURN_TYPE = YES_ERROR;
				GCC_WARN_UNDECLARED_SELECTOR = YES;
				GCC_WARN_UNINITIALIZED_AUTOS = YES_AGGRESSIVE;
				GCC_WARN_UNUSED_FUNCTION = YES;
				GCC_WARN_UNUSED_VARIABLE = YES;
				IPHONEOS_DEPLOYMENT_TARGET = 8.3;
				MTL_ENABLE_DEBUG_INFO = NO;
				SDKROOT = iphoneos;
				VALIDATE_PRODUCT = YES;
			};
			name = Release;
		};
		000B52AC1ADBCF8100946853 /* Debug */ = {
			isa = XCBuildConfiguration;
			baseConfigurationReference = 4AED559755DDFC3C93282E3E /* Pods-FrameworkDemo.debug.xcconfig */;
			buildSettings = {
				ASSETCATALOG_COMPILER_APPICON_NAME = AppIcon;
				EMBEDDED_CONTENT_CONTAINS_SWIFT = YES;
				INFOPLIST_FILE = FrameworkDemo/Info.plist;
				LD_RUNPATH_SEARCH_PATHS = "$(inherited) @executable_path/Frameworks";
				PRODUCT_NAME = "$(TARGET_NAME)";
				SWIFT_OBJC_BRIDGING_HEADER = "FrameworkDemo/FrameworkDemo-Bridging-Header.h";
			};
			name = Debug;
		};
		000B52AD1ADBCF8100946853 /* Release */ = {
			isa = XCBuildConfiguration;
			baseConfigurationReference = 5CEA7F50353C1F94BBA57D65 /* Pods-FrameworkDemo.release.xcconfig */;
			buildSettings = {
				ASSETCATALOG_COMPILER_APPICON_NAME = AppIcon;
				EMBEDDED_CONTENT_CONTAINS_SWIFT = YES;
				INFOPLIST_FILE = FrameworkDemo/Info.plist;
				LD_RUNPATH_SEARCH_PATHS = "$(inherited) @executable_path/Frameworks";
				PRODUCT_NAME = "$(TARGET_NAME)";
				SWIFT_OBJC_BRIDGING_HEADER = "FrameworkDemo/FrameworkDemo-Bridging-Header.h";
			};
			name = Release;
		};
		000B52AF1ADBCF8100946853 /* Debug */ = {
			isa = XCBuildConfiguration;
			buildSettings = {
				BUNDLE_LOADER = "$(TEST_HOST)";
				FRAMEWORK_SEARCH_PATHS = (
					"$(SDKROOT)/Developer/Library/Frameworks",
					"$(inherited)",
				);
				GCC_PREPROCESSOR_DEFINITIONS = (
					"DEBUG=1",
					"$(inherited)",
				);
				INFOPLIST_FILE = FrameworkDemoTests/Info.plist;
				LD_RUNPATH_SEARCH_PATHS = "$(inherited) @executable_path/Frameworks @loader_path/Frameworks";
				PRODUCT_NAME = "$(TARGET_NAME)";
				TEST_HOST = "$(BUILT_PRODUCTS_DIR)/FrameworkDemo.app/FrameworkDemo";
			};
			name = Debug;
		};
		000B52B01ADBCF8100946853 /* Release */ = {
			isa = XCBuildConfiguration;
			buildSettings = {
				BUNDLE_LOADER = "$(TEST_HOST)";
				FRAMEWORK_SEARCH_PATHS = (
					"$(SDKROOT)/Developer/Library/Frameworks",
					"$(inherited)",
				);
				INFOPLIST_FILE = FrameworkDemoTests/Info.plist;
				LD_RUNPATH_SEARCH_PATHS = "$(inherited) @executable_path/Frameworks @loader_path/Frameworks";
				PRODUCT_NAME = "$(TARGET_NAME)";
				TEST_HOST = "$(BUILT_PRODUCTS_DIR)/FrameworkDemo.app/FrameworkDemo";
			};
			name = Release;
		};
/* End XCBuildConfiguration section */

/* Begin XCConfigurationList section */
		000B52831ADBCF8100946853 /* Build configuration list for PBXProject "FrameworkDemo" */ = {
			isa = XCConfigurationList;
			buildConfigurations = (
				000B52A91ADBCF8100946853 /* Debug */,
				000B52AA1ADBCF8100946853 /* Release */,
			);
			defaultConfigurationIsVisible = 0;
			defaultConfigurationName = Release;
		};
		000B52AB1ADBCF8100946853 /* Build configuration list for PBXNativeTarget "FrameworkDemo" */ = {
			isa = XCConfigurationList;
			buildConfigurations = (
				000B52AC1ADBCF8100946853 /* Debug */,
				000B52AD1ADBCF8100946853 /* Release */,
			);
			defaultConfigurationIsVisible = 0;
			defaultConfigurationName = Release;
		};
		000B52AE1ADBCF8100946853 /* Build configuration list for PBXNativeTarget "FrameworkDemoTests" */ = {
			isa = XCConfigurationList;
			buildConfigurations = (
				000B52AF1ADBCF8100946853 /* Debug */,
				000B52B01ADBCF8100946853 /* Release */,
			);
			defaultConfigurationIsVisible = 0;
			defaultConfigurationName = Release;
		};
/* End XCConfigurationList section */
	};
	rootObject = 000B52801ADBCF8100946853 /* Project object */;
}
